
Microsoft Visual Studio Solution File, Format Version 12.00
# Visual Studio Version 17
VisualStudioVersion = 17.14.36414.22 d17.14
MinimumVisualStudioVersion = 10.0.40219.1
Project("{FAE04EC0-301F-11D3-BF4B-00C04F79EFBC}") = "My2ndProjectOnGitHub", "My2ndProjectOnGitHub.csproj", "{06AE9B20-1A2C-442A-9244-4182EEC0B702}"
EndProject
Global
	GlobalSection(SolutionConfigurationPlatforms) = preSolution
		Debug|Any CPU = Debug|Any CPU
		Release|Any CPU = Release|Any CPU
	EndGlobalSection
	GlobalSection(ProjectConfigurationPlatforms) = postSolution
		{06AE9B20-1A2C-442A-9244-4182EEC0B702}.Debug|Any CPU.ActiveCfg = Debug|Any CPU
		{06AE9B20-1A2C-442A-9244-4182EEC0B702}.Debug|Any CPU.Build.0 = Debug|Any CPU
		{06AE9B20-1A2C-442A-9244-4182EEC0B702}.Release|Any CPU.ActiveCfg = Release|Any CPU
		{06AE9B20-1A2C-442A-9244-4182EEC0B702}.Release|Any CPU.Build.0 = Release|Any CPU
	EndGlobalSection
	GlobalSection(SolutionProperties) = preSolution
		HideSolutionNode = FALSE
	EndGlobalSection
	GlobalSection(ExtensibilityGlobals) = postSolution
		SolutionGuid = {0F0410FA-40F7-4929-A2EE-0465C90F531A}
	EndGlobalSection
EndGlobal
